
Microsoft Visual Studio Solution File, Format Version 12.00
# Visual Studio Version 16
VisualStudioVersion = 16.0.30204.135
MinimumVisualStudioVersion = 10.0.40219.1
Project("{FAE04EC0-301F-11D3-BF4B-00C04F79EFBC}") = "Campeonato_App_G6.Android", "Campeonato_App_G6.Android\Campeonato_App_G6.Android.csproj", "{D83C9F5D-3A71-4685-9CC9-173285DBCCC3}"
EndProject
Project("{FAE04EC0-301F-11D3-BF4B-00C04F79EFBC}") = "Campeonato_App_G6", "Campeonato_App_G6\Campeonato_App_G6.csproj", "{5CF177AD-AAA4-479D-8B1A-B2B7AC3BC66C}"
EndProject
Global
	GlobalSection(SolutionConfigurationPlatforms) = preSolution
		Debug|Any CPU = Debug|Any CPU
		Release|Any CPU = Release|Any CPU
	EndGlobalSection
	GlobalSection(ProjectConfigurationPlatforms) = postSolution
		{D83C9F5D-3A71-4685-9CC9-173285DBCCC3}.Debug|Any CPU.ActiveCfg = Debug|Any CPU
		{D83C9F5D-3A71-4685-9CC9-173285DBCCC3}.Debug|Any CPU.Build.0 = Debug|Any CPU
		{D83C9F5D-3A71-4685-9CC9-173285DBCCC3}.Debug|Any CPU.Deploy.0 = Debug|Any CPU
		{D83C9F5D-3A71-4685-9CC9-173285DBCCC3}.Release|Any CPU.ActiveCfg = Release|Any CPU
		{D83C9F5D-3A71-4685-9CC9-173285DBCCC3}.Release|Any CPU.Build.0 = Release|Any CPU
		{D83C9F5D-3A71-4685-9CC9-173285DBCCC3}.Release|Any CPU.Deploy.0 = Release|Any CPU
		{5CF177AD-AAA4-479D-8B1A-B2B7AC3BC66C}.Debug|Any CPU.ActiveCfg = Debug|Any CPU
		{5CF177AD-AAA4-479D-8B1A-B2B7AC3BC66C}.Debug|Any CPU.Build.0 = Debug|Any CPU
		{5CF177AD-AAA4-479D-8B1A-B2B7AC3BC66C}.Debug|Any CPU.Deploy.0 = Debug|Any CPU
		{5CF177AD-AAA4-479D-8B1A-B2B7AC3BC66C}.Release|Any CPU.ActiveCfg = Release|Any CPU
		{5CF177AD-AAA4-479D-8B1A-B2B7AC3BC66C}.Release|Any CPU.Build.0 = Release|Any CPU
		{5CF177AD-AAA4-479D-8B1A-B2B7AC3BC66C}.Release|Any CPU.Deploy.0 = Release|Any CPU
	EndGlobalSection
	GlobalSection(SolutionProperties) = preSolution
		HideSolutionNode = FALSE
	EndGlobalSection
	GlobalSection(ExtensibilityGlobals) = postSolution
		SolutionGuid = {403658F2-65DE-4C91-BE91-4349C09FA46E}
	EndGlobalSection
EndGlobal
